<?xml version="1.0" encoding="utf-8"?>
<Project ToolsVersion="4.0" xmlns="http://schemas.microsoft.com/developer/msbuild/2003">
  <ItemGroup>
    <Filter Include="Source Files">
      <UniqueIdentifier>{4FC737F1-C7A5-4376-A066-2A32D752A2FF}</UniqueIdentifier>
      <Extensions>cpp;c;cc;cxx;def;odl;idl;hpj;bat;asm;asmx</Extensions>
    </Filter>
    <Filter Include="Header Files">
      <UniqueIdentifier>{93995380-89BD-4b04-88EB-625FBE52EBFB}</UniqueIdentifier>
      <Extensions>h;hh;hpp;hxx;hm;inl;inc;xsd</Extensions>
    </Filter>
    <Filter Include="Resource Files">
      <UniqueIdentifier>{67DA6AB6-F800-4c08-8B7A-83BB121AAD01}</UniqueIdentifier>
      <Extensions>rc;ico;cur;bmp;dlg;rc2;rct;bin;rgs;gif;jpg;jpeg;jpe;resx;tiff;tif;png;wav;mfcribbon-ms</Extensions>
    </Filter>
    <Filter Include="Camera">
      <UniqueIdentifier>{55e4621c-8c75-4bb8-9115-a49d4b05d073}</UniqueIdentifier>
    </Filter>
    <Filter Include="Renderer">
      <UniqueIdentifier>{387d703c-b50d-4b48-90ab-0bea0510aac7}</UniqueIdentifier>
    </Filter>
    <Filter Include="Input">
      <UniqueIdentifier>{c84ce562-3846-43da-b40c-d911cb5f7ded}</UniqueIdentifier>
    </Filter>
    <Filter Include="Shaders">
      <UniqueIdentifier>{ba441cb0-d1c0-4b6f-b9e9-a8e34da969b0}</UniqueIdentifier>
    </Filter>
    <Filter Include="Renderer\Lights">
      <UniqueIdentifier>{0ea75c6b-89d4-4822-baa6-929b55af096d}</UniqueIdentifier>
    </Filter>
    <Filter Include="GameObjects">
      <UniqueIdentifier>{2650fc88-e770-4928-9124-df3e0db32855}</UniqueIdentifier>
    </Filter>
    <Filter Include="GameStates">
      <UniqueIdentifier>{19d2e90c-cb55-4ec1-adfc-aaff75183e1e}</UniqueIdentifier>
    </Filter>
    <Filter Include="Debug">
      <UniqueIdentifier>{736d9d40-c230-4478-be37-966bc6864704}</UniqueIdentifier>
    </Filter>
    <Filter Include="PlayerInfo">
      <UniqueIdentifier>{b3cb2748-e642-4a27-bac5-0a913fc67d89}</UniqueIdentifier>
    </Filter>
  </ItemGroup>
  <ItemGroup>
    <ClInclude Include="Game.h">
      <Filter>Header Files</Filter>
    </ClInclude>
    <ClInclude Include="StepTimer.h">
      <Filter>Header Files</Filter>
    </ClInclude>
    <ClInclude Include="Camera\cameraclass.h">
      <Filter>Camera</Filter>
    </ClInclude>
    <ClInclude Include="Input\inputclass.h">
      <Filter>Input</Filter>
    </ClInclude>
    <ClInclude Include="Renderer\DeferredBuffers.h">
      <Filter>Renderer</Filter>
    </ClInclude>
    <ClInclude Include="Renderer\DeferredRenderer.h">
      <Filter>Renderer</Filter>
    </ClInclude>
    <ClInclude Include="Renderer\DeferredShader.h">
      <Filter>Renderer</Filter>
    </ClInclude>
    <ClInclude Include="Renderer\orthowindowclass.h">
      <Filter>Renderer</Filter>
    </ClInclude>
    <ClInclude Include="Renderer\VertexBuffer.h">
      <Filter>Renderer</Filter>
    </ClInclude>
    <ClInclude Include="Renderer\lightclass.h">
      <Filter>Renderer\Lights</Filter>
    </ClInclude>
    <ClInclude Include="Renderer\lightshaderclass.h">
      <Filter>Renderer\Lights</Filter>
    </ClInclude>
    <ClInclude Include="DDSTextureLoader.h">
      <Filter>Header Files</Filter>
    </ClInclude>
    <ClInclude Include="Matrix4.h">
      <Filter>Header Files</Filter>
    </ClInclude>
    <ClInclude Include="ModelObject.h">
      <Filter>Header Files</Filter>
    </ClInclude>
    <ClInclude Include="safe_thread.h">
      <Filter>Header Files</Filter>
    </ClInclude>
    <ClInclude Include="Vector4.h">
      <Filter>Header Files</Filter>
    </ClInclude>
    <ClInclude Include="XTime.h">
      <Filter>Header Files</Filter>
    </ClInclude>
    <ClInclude Include="Definds.h">
      <Filter>Header Files</Filter>
    </ClInclude>
    <ClInclude Include="pch.h">
      <Filter>Header Files</Filter>
    </ClInclude>
    <ClInclude Include="Input\EventManager.h">
      <Filter>Header Files</Filter>
    </ClInclude>
    <ClInclude Include="Object\BaseObject.h">
      <Filter>GameObjects</Filter>
    </ClInclude>
    <ClInclude Include="Object\ObjectManager.h">
      <Filter>GameObjects</Filter>
    </ClInclude>
    <ClInclude Include="GameStates\BaseGameState.h">
      <Filter>GameStates</Filter>
    </ClInclude>
    <ClInclude Include="GameStates\MainMenu.h">
      <Filter>GameStates</Filter>
    </ClInclude>
    <ClInclude Include="DebugStuff\ShapeDebug.h">
      <Filter>Header Files</Filter>
    </ClInclude>
    <ClInclude Include="Object\BaseRenderer.h">
      <Filter>GameObjects</Filter>
    </ClInclude>
    <ClInclude Include="PlayerInfo\Player.h">
      <Filter>PlayerInfo</Filter>
    </ClInclude>
    <ClInclude Include="Renderer\SkyBox.h">
      <Filter>Header Files</Filter>
    </ClInclude>
    <ClInclude Include="Renderer\PointLight.h">
      <Filter>Renderer\Lights</Filter>
    </ClInclude>
    <ClInclude Include="Renderer\VertexBufferManager.h">
      <Filter>Renderer</Filter>
    </ClInclude>
    <ClInclude Include="Renderer\LightManager.h">
      <Filter>Renderer\Lights</Filter>
    </ClInclude>
    <ClInclude Include="Renderer\BaseLight.h">
      <Filter>Renderer\Lights</Filter>
    </ClInclude>
    <ClInclude Include="DebugStuff\CollisionLibrary.h">
      <Filter>Debug</Filter>
    </ClInclude>
  </ItemGroup>
  <ItemGroup>
    <ClCompile Include="Game.cpp">
      <Filter>Source Files</Filter>
    </ClCompile>
    <ClCompile Include="Main.cpp">
      <Filter>Source Files</Filter>
    </ClCompile>
    <ClCompile Include="Camera\cameraclass.cpp">
      <Filter>Camera</Filter>
    </ClCompile>
    <ClCompile Include="Input\inputclass.cpp">
      <Filter>Input</Filter>
    </ClCompile>
    <ClCompile Include="Renderer\DeferredBuffers.cpp">
      <Filter>Renderer</Filter>
    </ClCompile>
    <ClCompile Include="Renderer\DeferredRenderer.cpp">
      <Filter>Renderer</Filter>
    </ClCompile>
    <ClCompile Include="Renderer\DeferredShader.cpp">
      <Filter>Renderer</Filter>
    </ClCompile>
    <ClCompile Include="Renderer\orthowindowclass.cpp">
      <Filter>Renderer</Filter>
    </ClCompile>
    <ClCompile Include="Renderer\VertexBuffer.cpp">
      <Filter>Renderer</Filter>
    </ClCompile>
    <ClCompile Include="Renderer\lightclass.cpp">
      <Filter>Renderer\Lights</Filter>
    </ClCompile>
    <ClCompile Include="Renderer\lightshaderclass.cpp">
      <Filter>Renderer\Lights</Filter>
    </ClCompile>
    <ClCompile Include="DDSTextureLoader.cpp">
      <Filter>Source Files</Filter>
    </ClCompile>
    <ClCompile Include="Matrix4.cpp">
      <Filter>Source Files</Filter>
    </ClCompile>
    <ClCompile Include="ModelObject.cpp">
      <Filter>Source Files</Filter>
    </ClCompile>
    <ClCompile Include="Vector4.cpp">
      <Filter>Source Files</Filter>
    </ClCompile>
    <ClCompile Include="XTime.cpp">
      <Filter>Source Files</Filter>
    </ClCompile>
    <ClCompile Include="pch.cpp">
      <Filter>Source Files</Filter>
    </ClCompile>
    <ClCompile Include="Input\EventManager.cpp">
      <Filter>Source Files</Filter>
    </ClCompile>
    <ClCompile Include="Object\BaseObject.cpp">
      <Filter>GameObjects</Filter>
    </ClCompile>
    <ClCompile Include="Object\ObjectManager.cpp">
      <Filter>GameObjects</Filter>
    </ClCompile>
    <ClCompile Include="GameStates\MainMenu.cpp">
      <Filter>GameStates</Filter>
    </ClCompile>
    <ClCompile Include="DebugStuff\ShapeDebug.cpp">
      <Filter>Source Files</Filter>
    </ClCompile>
    <ClCompile Include="Object\BaseRenderer.cpp">
      <Filter>GameObjects</Filter>
    </ClCompile>
    <ClCompile Include="PlayerInfo\Player.cpp">
      <Filter>PlayerInfo</Filter>
    </ClCompile>
    <ClCompile Include="Renderer\SkyBox.cpp">
      <Filter>Source Files</Filter>
    </ClCompile>
    <ClCompile Include="Renderer\PointLight.cpp">
      <Filter>Renderer\Lights</Filter>
    </ClCompile>
    <ClCompile Include="Renderer\VertexBufferManager.cpp">
      <Filter>Renderer</Filter>
    </ClCompile>
    <ClCompile Include="Renderer\LightManager.cpp">
      <Filter>Renderer\Lights</Filter>
    </ClCompile>
    <ClCompile Include="Renderer\BaseLight.cpp">
      <Filter>Source Files</Filter>
    </ClCompile>
    <ClCompile Include="DebugStuff\CollisionLibrary.cpp">
      <Filter>Debug</Filter>
    </ClCompile>
  </ItemGroup>
  <ItemGroup>
    <ResourceCompile Include="resource.rc">
      <Filter>Resource Files</Filter>
    </ResourceCompile>
  </ItemGroup>
  <ItemGroup>
    <Image Include="directx.ico">
      <Filter>Resource Files</Filter>
    </Image>
  </ItemGroup>
  <ItemGroup>
    <Manifest Include="settings.manifest">
      <Filter>Resource Files</Filter>
    </Manifest>
  </ItemGroup>
  <ItemGroup>
    <FxCompile Include="Shaders\DeferredShaderPS.hlsl">
      <Filter>Shaders</Filter>
    </FxCompile>
    <FxCompile Include="Shaders\DeferredShaderVs.hlsl">
      <Filter>Shaders</Filter>
    </FxCompile>
    <FxCompile Include="Shaders\DirectionalLightPS.hlsl">
      <Filter>Shaders</Filter>
    </FxCompile>
    <FxCompile Include="Shaders\DirectionalLightVS.hlsl">
      <Filter>Shaders</Filter>
    </FxCompile>
    <FxCompile Include="SkyBox_VS.hlsl">
      <Filter>Shaders</Filter>
    </FxCompile>
    <FxCompile Include="SkyBox_PS.hlsl">
      <Filter>Shaders</Filter>
    </FxCompile>
    <FxCompile Include="Shaders\PointLight_PS.hlsl">
      <Filter>Shaders</Filter>
    </FxCompile>
    <FxCompile Include="Shaders\PointLight_VS.hlsl">
      <Filter>Shaders</Filter>
    </FxCompile>
  </ItemGroup>
</Project>